
Microsoft Visual Studio Solution File, Format Version 12.00
# Visual Studio Version 16
VisualStudioVersion = 16.0.30011.22
MinimumVisualStudioVersion = 10.0.40219.1
Project("{9A19103F-16F7-4668-BE54-9A1E7A4F7556}") = "Account.Manager.Api", "Account.Manager\Account.Manager.Api.csproj", "{55B1476C-CC1D-40C6-B5C0-E3E32BC59A2F}"
EndProject
Project("{2150E333-8FDC-42A3-9474-1A3956D46DE8}") = "Dependencies", "Dependencies", "{71CE1A4B-C1F6-4448-9429-04C6C8E0431F}"
EndProject
Project("{9A19103F-16F7-4668-BE54-9A1E7A4F7556}") = "Account.Manager.Repository", "Account.Manager.Repository\Account.Manager.Repository.csproj", "{9634E9CC-6AA8-47D2-B183-4039E4117720}"
EndProject
Project("{9A19103F-16F7-4668-BE54-9A1E7A4F7556}") = "Account.Manager.Service", "Account.Manager.Service\Account.Manager.Service.csproj", "{353FBA21-9684-42CC-8FDC-361D33331F45}"
EndProject
Project("{9A19103F-16F7-4668-BE54-9A1E7A4F7556}") = "Account.Manager.SDK", "Account.Manager.SDK\Account.Manager.SDK.csproj", "{D6EB4701-DD29-4082-B876-39A95F8F6391}"
EndProject
Project("{FAE04EC0-301F-11D3-BF4B-00C04F79EFBC}") = "Account.Manager.Test", "Account.Manager.Test\Account.Manager.Test.csproj", "{FE00CD1D-8DB4-4AA0-B8D6-32FA9FB6232A}"
EndProject
Global
	GlobalSection(SolutionConfigurationPlatforms) = preSolution
		Debug|Any CPU = Debug|Any CPU
		Release|Any CPU = Release|Any CPU
	EndGlobalSection
	GlobalSection(ProjectConfigurationPlatforms) = postSolution
		{55B1476C-CC1D-40C6-B5C0-E3E32BC59A2F}.Debug|Any CPU.ActiveCfg = Debug|Any CPU
		{55B1476C-CC1D-40C6-B5C0-E3E32BC59A2F}.Debug|Any CPU.Build.0 = Debug|Any CPU
		{55B1476C-CC1D-40C6-B5C0-E3E32BC59A2F}.Release|Any CPU.ActiveCfg = Release|Any CPU
		{55B1476C-CC1D-40C6-B5C0-E3E32BC59A2F}.Release|Any CPU.Build.0 = Release|Any CPU
		{9634E9CC-6AA8-47D2-B183-4039E4117720}.Debug|Any CPU.ActiveCfg = Debug|Any CPU
		{9634E9CC-6AA8-47D2-B183-4039E4117720}.Debug|Any CPU.Build.0 = Debug|Any CPU
		{9634E9CC-6AA8-47D2-B183-4039E4117720}.Release|Any CPU.ActiveCfg = Release|Any CPU
		{9634E9CC-6AA8-47D2-B183-4039E4117720}.Release|Any CPU.Build.0 = Release|Any CPU
		{353FBA21-9684-42CC-8FDC-361D33331F45}.Debug|Any CPU.ActiveCfg = Debug|Any CPU
		{353FBA21-9684-42CC-8FDC-361D33331F45}.Debug|Any CPU.Build.0 = Debug|Any CPU
		{353FBA21-9684-42CC-8FDC-361D33331F45}.Release|Any CPU.ActiveCfg = Release|Any CPU
		{353FBA21-9684-42CC-8FDC-361D33331F45}.Release|Any CPU.Build.0 = Release|Any CPU
		{D6EB4701-DD29-4082-B876-39A95F8F6391}.Debug|Any CPU.ActiveCfg = Debug|Any CPU
		{D6EB4701-DD29-4082-B876-39A95F8F6391}.Debug|Any CPU.Build.0 = Debug|Any CPU
		{D6EB4701-DD29-4082-B876-39A95F8F6391}.Release|Any CPU.ActiveCfg = Release|Any CPU
		{D6EB4701-DD29-4082-B876-39A95F8F6391}.Release|Any CPU.Build.0 = Release|Any CPU
		{FE00CD1D-8DB4-4AA0-B8D6-32FA9FB6232A}.Debug|Any CPU.ActiveCfg = Debug|Any CPU
		{FE00CD1D-8DB4-4AA0-B8D6-32FA9FB6232A}.Debug|Any CPU.Build.0 = Debug|Any CPU
		{FE00CD1D-8DB4-4AA0-B8D6-32FA9FB6232A}.Release|Any CPU.ActiveCfg = Release|Any CPU
		{FE00CD1D-8DB4-4AA0-B8D6-32FA9FB6232A}.Release|Any CPU.Build.0 = Release|Any CPU
	EndGlobalSection
	GlobalSection(SolutionProperties) = preSolution
		HideSolutionNode = FALSE
	EndGlobalSection
	GlobalSection(NestedProjects) = preSolution
		{9634E9CC-6AA8-47D2-B183-4039E4117720} = {71CE1A4B-C1F6-4448-9429-04C6C8E0431F}
		{353FBA21-9684-42CC-8FDC-361D33331F45} = {71CE1A4B-C1F6-4448-9429-04C6C8E0431F}
		{D6EB4701-DD29-4082-B876-39A95F8F6391} = {71CE1A4B-C1F6-4448-9429-04C6C8E0431F}
	EndGlobalSection
	GlobalSection(ExtensibilityGlobals) = postSolution
		SolutionGuid = {2FC3803F-0682-4547-A006-D537EB90F372}
	EndGlobalSection
EndGlobal
